// !$*UTF8*$!
{
	archiveVersion = 1;
	classes = {
	};
	objectVersion = 48;
	objects = {

/* Begin PBXBuildFile section */
		0907DB471FE0BE6E00A62F2D /* Cholor.m4a in Resources */ = {isa = PBXBuildFile; fileRef = 0907DB461FE0BE6E00A62F2D /* Cholor.m4a */; };
		0910815720780841000E66D3 /* CircunferenciaView.swift in Sources */ = {isa = PBXBuildFile; fileRef = 0910815620780841000E66D3 /* CircunferenciaView.swift */; };
		0910815920780AE5000E66D3 /* BolaCell.swift in Sources */ = {isa = PBXBuildFile; fileRef = 0910815820780AE5000E66D3 /* BolaCell.swift */; };
		0910815B20781363000E66D3 /* ListadoViewController+Inicializadores.swift in Sources */ = {isa = PBXBuildFile; fileRef = 0910815A20781363000E66D3 /* ListadoViewController+Inicializadores.swift */; };
		0910815D2078147B000E66D3 /* ListadoViewController+TableView.swift in Sources */ = {isa = PBXBuildFile; fileRef = 0910815C2078147B000E66D3 /* ListadoViewController+TableView.swift */; };
		09119A32206BEA6600602FB8 /* Unidable.swift in Sources */ = {isa = PBXBuildFile; fileRef = 09119A31206BEA6600602FB8 /* Unidable.swift */; };
		09119A34206BEB7200602FB8 /* ValoresUnidadComportamientoDinamico.swift in Sources */ = {isa = PBXBuildFile; fileRef = 09119A33206BEB7200602FB8 /* ValoresUnidadComportamientoDinamico.swift */; };
		09119A36206BEC2F00602FB8 /* Empujable.swift in Sources */ = {isa = PBXBuildFile; fileRef = 09119A35206BEC2F00602FB8 /* Empujable.swift */; };
		09119A38206BECE000602FB8 /* ValoresEmpujar.swift in Sources */ = {isa = PBXBuildFile; fileRef = 09119A37206BECE000602FB8 /* ValoresEmpujar.swift */; };
		09119A3A206BED7400602FB8 /* Igualable.swift in Sources */ = {isa = PBXBuildFile; fileRef = 09119A39206BED7400602FB8 /* Igualable.swift */; };
		09119A3C206BF00400602FB8 /* JuegoViewController+Layers.swift in Sources */ = {isa = PBXBuildFile; fileRef = 09119A3B206BF00400602FB8 /* JuegoViewController+Layers.swift */; };
		09119A3E206BF08F00602FB8 /* Material+Cholor.swift in Sources */ = {isa = PBXBuildFile; fileRef = 09119A3D206BF08F00602FB8 /* Material+Cholor.swift */; };
		09119A40206BF1CB00602FB8 /* JuegoViewController+CollisionDelegate.swift in Sources */ = {isa = PBXBuildFile; fileRef = 09119A3F206BF1CB00602FB8 /* JuegoViewController+CollisionDelegate.swift */; };
		09216BBF1FDF278B002B696B /* olivier_demo.ttf in Resources */ = {isa = PBXBuildFile; fileRef = 09216BBE1FDF278B002B696B /* olivier_demo.ttf */; };
		093F736A203235D8007A2B1A /* Notification+Cholor.swift in Sources */ = {isa = PBXBuildFile; fileRef = 093F7369203235D8007A2B1A /* Notification+Cholor.swift */; };
		093F736C20323738007A2B1A /* JuegoViewController+Notificaciones.swift in Sources */ = {isa = PBXBuildFile; fileRef = 093F736B20323738007A2B1A /* JuegoViewController+Notificaciones.swift */; };
		094469262012733F0070C1D7 /* Choque-Bolas.m4a in Resources */ = {isa = PBXBuildFile; fileRef = 094469202012733E0070C1D7 /* Choque-Bolas.m4a */; };
		094469272012733F0070C1D7 /* Bola-Negra.m4a in Resources */ = {isa = PBXBuildFile; fileRef = 094469212012733E0070C1D7 /* Bola-Negra.m4a */; };
		094469282012733F0070C1D7 /* Boton-Jugar.m4a in Resources */ = {isa = PBXBuildFile; fileRef = 094469222012733E0070C1D7 /* Boton-Jugar.m4a */; };
		094469292012733F0070C1D7 /* Nuevo-Nivel.m4a in Resources */ = {isa = PBXBuildFile; fileRef = 094469232012733E0070C1D7 /* Nuevo-Nivel.m4a */; };
		0944692A2012733F0070C1D7 /* Bola-Golpeando-Pared.m4a in Resources */ = {isa = PBXBuildFile; fileRef = 094469242012733E0070C1D7 /* Bola-Golpeando-Pared.m4a */; };
		0944692B2012733F0070C1D7 /* Fin-Partida.m4a in Resources */ = {isa = PBXBuildFile; fileRef = 094469252012733F0070C1D7 /* Fin-Partida.m4a */; };
		094955322038B43C00293353 /* ColorBola.swift in Sources */ = {isa = PBXBuildFile; fileRef = 094955312038B43C00293353 /* ColorBola.swift */; };
		094955342038B52D00293353 /* BolaImageView.swift in Sources */ = {isa = PBXBuildFile; fileRef = 094955332038B52D00293353 /* BolaImageView.swift */; };
		094955372038B9AB00293353 /* Colorable.swift in Sources */ = {isa = PBXBuildFile; fileRef = 094955362038B9AB00293353 /* Colorable.swift */; };
		094955392038BAE900293353 /* ConBolaColor.swift in Sources */ = {isa = PBXBuildFile; fileRef = 094955382038BAE900293353 /* ConBolaColor.swift */; };
		0949553B2038BC0700293353 /* Constantes.swift in Sources */ = {isa = PBXBuildFile; fileRef = 0949553A2038BC0700293353 /* Constantes.swift */; };
		0949553D2038BDCA00293353 /* Materiable.swift in Sources */ = {isa = PBXBuildFile; fileRef = 0949553C2038BDCA00293353 /* Materiable.swift */; };
		0949553F2038BF3A00293353 /* DeBolaMaterial.swift in Sources */ = {isa = PBXBuildFile; fileRef = 0949553E2038BF3A00293353 /* DeBolaMaterial.swift */; };
		094955412038C08D00293353 /* Bolable.swift in Sources */ = {isa = PBXBuildFile; fileRef = 094955402038C08D00293353 /* Bolable.swift */; };
		094955432038C1E300293353 /* Bola.swift in Sources */ = {isa = PBXBuildFile; fileRef = 094955422038C1E300293353 /* Bola.swift */; };
		094E7BDA207A938200B765C2 /* JuegoViewController+ListadoDelegado.swift in Sources */ = {isa = PBXBuildFile; fileRef = 094E7BD9207A938200B765C2 /* JuegoViewController+ListadoDelegado.swift */; };
		096CB38E2028B8000027D4F5 /* UserDefaults+Cholor.swift in Sources */ = {isa = PBXBuildFile; fileRef = 096CB38D2028B8000027D4F5 /* UserDefaults+Cholor.swift */; };
		096CB3912028B97D0027D4F5 /* Material.swift in Sources */ = {isa = PBXBuildFile; fileRef = 096CB3902028B97D0027D4F5 /* Material.swift */; };
		096CB3932028C5C10027D4F5 /* JuegoViewController+Inicializadores.swift in Sources */ = {isa = PBXBuildFile; fileRef = 096CB3922028C5C10027D4F5 /* JuegoViewController+Inicializadores.swift */; };
		096CB3952028C7390027D4F5 /* JuegoViewController+Configuradores.swift in Sources */ = {isa = PBXBuildFile; fileRef = 096CB3942028C7390027D4F5 /* JuegoViewController+Configuradores.swift */; };
		098C25721F9A1D2200BC24DC /* AppDelegate.swift in Sources */ = {isa = PBXBuildFile; fileRef = 098C25711F9A1D2200BC24DC /* AppDelegate.swift */; };
		098C25741F9A1D2200BC24DC /* InicioViewController.swift in Sources */ = {isa = PBXBuildFile; fileRef = 098C25731F9A1D2200BC24DC /* InicioViewController.swift */; };
		098C25771F9A1D2200BC24DC /* Main.storyboard in Resources */ = {isa = PBXBuildFile; fileRef = 098C25751F9A1D2200BC24DC /* Main.storyboard */; };
		098C25791F9A1D2200BC24DC /* Assets.xcassets in Resources */ = {isa = PBXBuildFile; fileRef = 098C25781F9A1D2200BC24DC /* Assets.xcassets */; };
		098C257C1F9A1D2200BC24DC /* LaunchScreen.storyboard in Resources */ = {isa = PBXBuildFile; fileRef = 098C257A1F9A1D2200BC24DC /* LaunchScreen.storyboard */; };
		099CFADB1FE2EC7A008BB9A1 /* JuegoViewController.swift in Sources */ = {isa = PBXBuildFile; fileRef = 099CFADA1FE2EC7A008BB9A1 /* JuegoViewController.swift */; };
		09A3BA70205D6B1400713C87 /* JuegoViewController+SimularMarcador.swift in Sources */ = {isa = PBXBuildFile; fileRef = 09A3BA6F205D6B1400713C87 /* JuegoViewController+SimularMarcador.swift */; };
		09A3BA72205D6D6A00713C87 /* UILabel+Cholor.swift in Sources */ = {isa = PBXBuildFile; fileRef = 09A3BA71205D6D6A00713C87 /* UILabel+Cholor.swift */; };
		09A3BA74205D7EC100713C87 /* JuegoViewController+Removedores.swift in Sources */ = {isa = PBXBuildFile; fileRef = 09A3BA73205D7EC100713C87 /* JuegoViewController+Removedores.swift */; };
		09AC821F1FE534800013C2ED /* ListadoViewController.swift in Sources */ = {isa = PBXBuildFile; fileRef = 09AC821E1FE534800013C2ED /* ListadoViewController.swift */; };
		09AD92322055DC39004D023B /* UInt32+Cholor.swift in Sources */ = {isa = PBXBuildFile; fileRef = 09AD92312055DC39004D023B /* UInt32+Cholor.swift */; };
		09AD923420568F40004D023B /* CGFloat+Cholor.swift in Sources */ = {isa = PBXBuildFile; fileRef = 09AD923320568F40004D023B /* CGFloat+Cholor.swift */; };
		09B7A502200B6D790095AE67 /* UIColor+Cholor.swift in Sources */ = {isa = PBXBuildFile; fileRef = 09B7A501200B6D790095AE67 /* UIColor+Cholor.swift */; };
		09B7A50D200B71460095AE67 /* InicioViewController+Inicializadores.swift in Sources */ = {isa = PBXBuildFile; fileRef = 09B7A50C200B71460095AE67 /* InicioViewController+Inicializadores.swift */; };
		09B7A50F200B71700095AE67 /* InicioViewControllers+Navegacion.swift in Sources */ = {isa = PBXBuildFile; fileRef = 09B7A50E200B71700095AE67 /* InicioViewControllers+Navegacion.swift */; };
		09B7A511200B719C0095AE67 /* JuegoViewController+Navegacion.swift in Sources */ = {isa = PBXBuildFile; fileRef = 09B7A510200B719C0095AE67 /* JuegoViewController+Navegacion.swift */; };
		09B7A513200B71B70095AE67 /* JuegoViewController+Acciones.swift in Sources */ = {isa = PBXBuildFile; fileRef = 09B7A512200B71B70095AE67 /* JuegoViewController+Acciones.swift */; };
		09B7A515200B71D00095AE67 /* ListadoViewController+Acciones.swift in Sources */ = {isa = PBXBuildFile; fileRef = 09B7A514200B71D00095AE67 /* ListadoViewController+Acciones.swift */; };
		09C87DDE204894580041296F /* JuevoViewController+Gestos.swift in Sources */ = {isa = PBXBuildFile; fileRef = 09C87DDD204894580041296F /* JuevoViewController+Gestos.swift */; };
		09E305102042BDEE00029257 /* JuegoViewController+Animaciones.swift in Sources */ = {isa = PBXBuildFile; fileRef = 09E3050F2042BDEE00029257 /* JuegoViewController+Animaciones.swift */; };
		4971CCA80C74EF4429749F5D /* Pods_Cholor.framework in Frameworks */ = {isa = PBXBuildFile; fileRef = FE7C9EBF603335E9F3EA6D96 /* Pods_Cholor.framework */; };
/* End PBXBuildFile section */

/* Begin PBXFileReference section */
		0907DB461FE0BE6E00A62F2D /* Cholor.m4a */ = {isa = PBXFileReference; lastKnownFileType = file; path = Cholor.m4a; sourceTree = "<group>"; };
		0910815620780841000E66D3 /* CircunferenciaView.swift */ = {isa = PBXFileReference; lastKnownFileType = sourcecode.swift; path = CircunferenciaView.swift; sourceTree = "<group>"; };
		0910815820780AE5000E66D3 /* BolaCell.swift */ = {isa = PBXFileReference; lastKnownFileType = sourcecode.swift; path = BolaCell.swift; sourceTree = "<group>"; };
		0910815A20781363000E66D3 /* ListadoViewController+Inicializadores.swift */ = {isa = PBXFileReference; lastKnownFileType = sourcecode.swift; path = "ListadoViewController+Inicializadores.swift"; sourceTree = "<group>"; };
		0910815C2078147B000E66D3 /* ListadoViewController+TableView.swift */ = {isa = PBXFileReference; lastKnownFileType = sourcecode.swift; path = "ListadoViewController+TableView.swift"; sourceTree = "<group>"; };
		09119A31206BEA6600602FB8 /* Unidable.swift */ = {isa = PBXFileReference; lastKnownFileType = sourcecode.swift; path = Unidable.swift; sourceTree = "<group>"; };
		09119A33206BEB7200602FB8 /* ValoresUnidadComportamientoDinamico.swift */ = {isa = PBXFileReference; lastKnownFileType = sourcecode.swift; path = ValoresUnidadComportamientoDinamico.swift; sourceTree = "<group>"; };
		09119A35206BEC2F00602FB8 /* Empujable.swift */ = {isa = PBXFileReference; lastKnownFileType = sourcecode.swift; path = Empujable.swift; sourceTree = "<group>"; };
		09119A37206BECE000602FB8 /* ValoresEmpujar.swift */ = {isa = PBXFileReference; lastKnownFileType = sourcecode.swift; path = ValoresEmpujar.swift; sourceTree = "<group>"; };
		09119A39206BED7400602FB8 /* Igualable.swift */ = {isa = PBXFileReference; lastKnownFileType = sourcecode.swift; path = Igualable.swift; sourceTree = "<group>"; };
		09119A3B206BF00400602FB8 /* JuegoViewController+Layers.swift */ = {isa = PBXFileReference; lastKnownFileType = sourcecode.swift; path = "JuegoViewController+Layers.swift"; sourceTree = "<group>"; };
		09119A3D206BF08F00602FB8 /* Material+Cholor.swift */ = {isa = PBXFileReference; lastKnownFileType = sourcecode.swift; path = "Material+Cholor.swift"; sourceTree = "<group>"; };
		09119A3F206BF1CB00602FB8 /* JuegoViewController+CollisionDelegate.swift */ = {isa = PBXFileReference; lastKnownFileType = sourcecode.swift; path = "JuegoViewController+CollisionDelegate.swift"; sourceTree = "<group>"; };
		09216BBE1FDF278B002B696B /* olivier_demo.ttf */ = {isa = PBXFileReference; lastKnownFileType = file; path = olivier_demo.ttf; sourceTree = "<group>"; };
		093F7369203235D8007A2B1A /* Notification+Cholor.swift */ = {isa = PBXFileReference; lastKnownFileType = sourcecode.swift; path = "Notification+Cholor.swift"; sourceTree = "<group>"; };
		093F736B20323738007A2B1A /* JuegoViewController+Notificaciones.swift */ = {isa = PBXFileReference; lastKnownFileType = sourcecode.swift; path = "JuegoViewController+Notificaciones.swift"; sourceTree = "<group>"; };
		094469202012733E0070C1D7 /* Choque-Bolas.m4a */ = {isa = PBXFileReference; lastKnownFileType = file; path = "Choque-Bolas.m4a"; sourceTree = "<group>"; };
		094469212012733E0070C1D7 /* Bola-Negra.m4a */ = {isa = PBXFileReference; lastKnownFileType = file; path = "Bola-Negra.m4a"; sourceTree = "<group>"; };
		094469222012733E0070C1D7 /* Boton-Jugar.m4a */ = {isa = PBXFileReference; lastKnownFileType = file; path = "Boton-Jugar.m4a"; sourceTree = "<group>"; };
		094469232012733E0070C1D7 /* Nuevo-Nivel.m4a */ = {isa = PBXFileReference; lastKnownFileType = file; path = "Nuevo-Nivel.m4a"; sourceTree = "<group>"; };
		094469242012733E0070C1D7 /* Bola-Golpeando-Pared.m4a */ = {isa = PBXFileReference; lastKnownFileType = file; path = "Bola-Golpeando-Pared.m4a"; sourceTree = "<group>"; };
		094469252012733F0070C1D7 /* Fin-Partida.m4a */ = {isa = PBXFileReference; lastKnownFileType = file; path = "Fin-Partida.m4a"; sourceTree = "<group>"; };
		094955312038B43C00293353 /* ColorBola.swift */ = {isa = PBXFileReference; lastKnownFileType = sourcecode.swift; path = ColorBola.swift; sourceTree = "<group>"; };
		094955332038B52D00293353 /* BolaImageView.swift */ = {isa = PBXFileReference; lastKnownFileType = sourcecode.swift; path = BolaImageView.swift; sourceTree = "<group>"; };
		094955362038B9AB00293353 /* Colorable.swift */ = {isa = PBXFileReference; lastKnownFileType = sourcecode.swift; path = Colorable.swift; sourceTree = "<group>"; };
		094955382038BAE900293353 /* ConBolaColor.swift */ = {isa = PBXFileReference; lastKnownFileType = sourcecode.swift; path = ConBolaColor.swift; sourceTree = "<group>"; };
		0949553A2038BC0700293353 /* Constantes.swift */ = {isa = PBXFileReference; lastKnownFileType = sourcecode.swift; path = Constantes.swift; sourceTree = "<group>"; };
		0949553C2038BDCA00293353 /* Materiable.swift */ = {isa = PBXFileReference; lastKnownFileType = sourcecode.swift; path = Materiable.swift; sourceTree = "<group>"; };
		0949553E2038BF3A00293353 /* DeBolaMaterial.swift */ = {isa = PBXFileReference; lastKnownFileType = sourcecode.swift; path = DeBolaMaterial.swift; sourceTree = "<group>"; };
		094955402038C08D00293353 /* Bolable.swift */ = {isa = PBXFileReference; lastKnownFileType = sourcecode.swift; path = Bolable.swift; sourceTree = "<group>"; };
		094955422038C1E300293353 /* Bola.swift */ = {isa = PBXFileReference; lastKnownFileType = sourcecode.swift; path = Bola.swift; sourceTree = "<group>"; };
		094E7BD9207A938200B765C2 /* JuegoViewController+ListadoDelegado.swift */ = {isa = PBXFileReference; lastKnownFileType = sourcecode.swift; path = "JuegoViewController+ListadoDelegado.swift"; sourceTree = "<group>"; };
		096CB38D2028B8000027D4F5 /* UserDefaults+Cholor.swift */ = {isa = PBXFileReference; lastKnownFileType = sourcecode.swift; path = "UserDefaults+Cholor.swift"; sourceTree = "<group>"; };
		096CB3902028B97D0027D4F5 /* Material.swift */ = {isa = PBXFileReference; lastKnownFileType = sourcecode.swift; path = Material.swift; sourceTree = "<group>"; };
		096CB3922028C5C10027D4F5 /* JuegoViewController+Inicializadores.swift */ = {isa = PBXFileReference; lastKnownFileType = sourcecode.swift; path = "JuegoViewController+Inicializadores.swift"; sourceTree = "<group>"; };
		096CB3942028C7390027D4F5 /* JuegoViewController+Configuradores.swift */ = {isa = PBXFileReference; lastKnownFileType = sourcecode.swift; path = "JuegoViewController+Configuradores.swift"; sourceTree = "<group>"; };
		098C256E1F9A1D2200BC24DC /* Cholor.app */ = {isa = PBXFileReference; explicitFileType = wrapper.application; includeInIndex = 0; path = Cholor.app; sourceTree = BUILT_PRODUCTS_DIR; };
		098C25711F9A1D2200BC24DC /* AppDelegate.swift */ = {isa = PBXFileReference; lastKnownFileType = sourcecode.swift; path = AppDelegate.swift; sourceTree = "<group>"; };
		098C25731F9A1D2200BC24DC /* InicioViewController.swift */ = {isa = PBXFileReference; lastKnownFileType = sourcecode.swift; path = InicioViewController.swift; sourceTree = "<group>"; };
		098C25761F9A1D2200BC24DC /* Base */ = {isa = PBXFileReference; lastKnownFileType = file.storyboard; name = Base; path = Base.lproj/Main.storyboard; sourceTree = "<group>"; };
		098C25781F9A1D2200BC24DC /* Assets.xcassets */ = {isa = PBXFileReference; lastKnownFileType = folder.assetcatalog; path = Assets.xcassets; sourceTree = "<group>"; };
		098C257B1F9A1D2200BC24DC /* Base */ = {isa = PBXFileReference; lastKnownFileType = file.storyboard; name = Base; path = Base.lproj/LaunchScreen.storyboard; sourceTree = "<group>"; };
		098C257D1F9A1D2200BC24DC /* Info.plist */ = {isa = PBXFileReference; lastKnownFileType = text.plist.xml; path = Info.plist; sourceTree = "<group>"; };
		099CFADA1FE2EC7A008BB9A1 /* JuegoViewController.swift */ = {isa = PBXFileReference; lastKnownFileType = sourcecode.swift; path = JuegoViewController.swift; sourceTree = "<group>"; };
		09A3BA6F205D6B1400713C87 /* JuegoViewController+SimularMarcador.swift */ = {isa = PBXFileReference; lastKnownFileType = sourcecode.swift; path = "JuegoViewController+SimularMarcador.swift"; sourceTree = "<group>"; };
		09A3BA71205D6D6A00713C87 /* UILabel+Cholor.swift */ = {isa = PBXFileReference; lastKnownFileType = sourcecode.swift; path = "UILabel+Cholor.swift"; sourceTree = "<group>"; };
		09A3BA73205D7EC100713C87 /* JuegoViewController+Removedores.swift */ = {isa = PBXFileReference; lastKnownFileType = sourcecode.swift; path = "JuegoViewController+Removedores.swift"; sourceTree = "<group>"; };
		09AC821E1FE534800013C2ED /* ListadoViewController.swift */ = {isa = PBXFileReference; lastKnownFileType = sourcecode.swift; path = ListadoViewController.swift; sourceTree = "<group>"; };
		09AC82211FE539560013C2ED /* Cholor.playground */ = {isa = PBXFileReference; lastKnownFileType = file.playground; path = Cholor.playground; sourceTree = "<group>"; xcLanguageSpecificationIdentifier = xcode.lang.swift; };
		09AD92312055DC39004D023B /* UInt32+Cholor.swift */ = {isa = PBXFileReference; lastKnownFileType = sourcecode.swift; path = "UInt32+Cholor.swift"; sourceTree = "<group>"; };
		09AD923320568F40004D023B /* CGFloat+Cholor.swift */ = {isa = PBXFileReference; lastKnownFileType = sourcecode.swift; path = "CGFloat+Cholor.swift"; sourceTree = "<group>"; };
		09B7A501200B6D790095AE67 /* UIColor+Cholor.swift */ = {isa = PBXFileReference; lastKnownFileType = sourcecode.swift; path = "UIColor+Cholor.swift"; sourceTree = "<group>"; };
		09B7A50C200B71460095AE67 /* InicioViewController+Inicializadores.swift */ = {isa = PBXFileReference; lastKnownFileType = sourcecode.swift; path = "InicioViewController+Inicializadores.swift"; sourceTree = "<group>"; };
		09B7A50E200B71700095AE67 /* InicioViewControllers+Navegacion.swift */ = {isa = PBXFileReference; lastKnownFileType = sourcecode.swift; path = "InicioViewControllers+Navegacion.swift"; sourceTree = "<group>"; };
		09B7A510200B719C0095AE67 /* JuegoViewController+Navegacion.swift */ = {isa = PBXFileReference; lastKnownFileType = sourcecode.swift; path = "JuegoViewController+Navegacion.swift"; sourceTree = "<group>"; };
		09B7A512200B71B70095AE67 /* JuegoViewController+Acciones.swift */ = {isa = PBXFileReference; lastKnownFileType = sourcecode.swift; path = "JuegoViewController+Acciones.swift"; sourceTree = "<group>"; };
		09B7A514200B71D00095AE67 /* ListadoViewController+Acciones.swift */ = {isa = PBXFileReference; lastKnownFileType = sourcecode.swift; path = "ListadoViewController+Acciones.swift"; sourceTree = "<group>"; };
		09C87DDD204894580041296F /* JuevoViewController+Gestos.swift */ = {isa = PBXFileReference; lastKnownFileType = sourcecode.swift; path = "JuevoViewController+Gestos.swift"; sourceTree = "<group>"; };
		09E3050F2042BDEE00029257 /* JuegoViewController+Animaciones.swift */ = {isa = PBXFileReference; lastKnownFileType = sourcecode.swift; path = "JuegoViewController+Animaciones.swift"; sourceTree = "<group>"; };
		6487369808D803ACBED264F7 /* Pods-Cholor.release.xcconfig */ = {isa = PBXFileReference; includeInIndex = 1; lastKnownFileType = text.xcconfig; name = "Pods-Cholor.release.xcconfig"; path = "Pods/Target Support Files/Pods-Cholor/Pods-Cholor.release.xcconfig"; sourceTree = "<group>"; };
		BA0C094F3A3C14B31F2D6ABD /* Pods-Cholor.debug.xcconfig */ = {isa = PBXFileReference; includeInIndex = 1; lastKnownFileType = text.xcconfig; name = "Pods-Cholor.debug.xcconfig"; path = "Pods/Target Support Files/Pods-Cholor/Pods-Cholor.debug.xcconfig"; sourceTree = "<group>"; };
		FE7C9EBF603335E9F3EA6D96 /* Pods_Cholor.framework */ = {isa = PBXFileReference; explicitFileType = wrapper.framework; includeInIndex = 0; path = Pods_Cholor.framework; sourceTree = BUILT_PRODUCTS_DIR; };
/* End PBXFileReference section */

/* Begin PBXFrameworksBuildPhase section */
		098C256B1F9A1D2100BC24DC /* Frameworks */ = {
			isa = PBXFrameworksBuildPhase;
			buildActionMask = 2147483647;
			files = (
				4971CCA80C74EF4429749F5D /* Pods_Cholor.framework in Frameworks */,
			);
			runOnlyForDeploymentPostprocessing = 0;
		};
/* End PBXFrameworksBuildPhase section */

/* Begin PBXGroup section */
		094955352038B99200293353 /* Protocolos */ = {
			isa = PBXGroup;
			children = (
				094955402038C08D00293353 /* Bolable.swift */,
				094955362038B9AB00293353 /* Colorable.swift */,
				09119A35206BEC2F00602FB8 /* Empujable.swift */,
				09119A39206BED7400602FB8 /* Igualable.swift */,
				0949553C2038BDCA00293353 /* Materiable.swift */,
				09119A31206BEA6600602FB8 /* Unidable.swift */,
			);
			path = Protocolos;
			sourceTree = "<group>";
		};
		096CB38F2028B95E0027D4F5 /* Enumeraciones */ = {
			isa = PBXGroup;
			children = (
				094955312038B43C00293353 /* ColorBola.swift */,
				0949553A2038BC0700293353 /* Constantes.swift */,
				096CB3902028B97D0027D4F5 /* Material.swift */,
			);
			path = Enumeraciones;
			sourceTree = "<group>";
		};
		098C25651F9A1D2100BC24DC = {
			isa = PBXGroup;
			children = (
				098C25701F9A1D2200BC24DC /* Cholor */,
				098C256F1F9A1D2200BC24DC /* Products */,
				B0310F235530219391576FDC /* Pods */,
				C9A32F806573EF4A40346014 /* Frameworks */,
			);
			sourceTree = "<group>";
		};
		098C256F1F9A1D2200BC24DC /* Products */ = {
			isa = PBXGroup;
			children = (
				098C256E1F9A1D2200BC24DC /* Cholor.app */,
			);
			name = Products;
			sourceTree = "<group>";
		};
		098C25701F9A1D2200BC24DC /* Cholor */ = {
			isa = PBXGroup;
			children = (
				09B7A507200B6EF20095AE67 /* Extensiones */,
				096CB38F2028B95E0027D4F5 /* Enumeraciones */,
				094955352038B99200293353 /* Protocolos */,
				09B7A506200B6EE90095AE67 /* Controladores */,
				09B7A505200B6EE20095AE67 /* Vistas */,
				09B7A504200B6EDB0095AE67 /* Modelos */,
				09AC82201FE537EF0013C2ED /* Playgrounds */,
				09B7A503200B6ED00095AE67 /* Recursos */,
			);
			path = Cholor;
			sourceTree = "<group>";
		};
		09AC82201FE537EF0013C2ED /* Playgrounds */ = {
			isa = PBXGroup;
			children = (
				09AC82211FE539560013C2ED /* Cholor.playground */,
			);
			path = Playgrounds;
			sourceTree = "<group>";
		};
		09B7A503200B6ED00095AE67 /* Recursos */ = {
			isa = PBXGroup;
			children = (
				098C257D1F9A1D2200BC24DC /* Info.plist */,
				09216BBE1FDF278B002B696B /* olivier_demo.ttf */,
				09B7A508200B6F730095AE67 /* Audios */,
			);
			path = Recursos;
			sourceTree = "<group>";
		};
		09B7A504200B6EDB0095AE67 /* Modelos */ = {
			isa = PBXGroup;
			children = (
				094955422038C1E300293353 /* Bola.swift */,
				094955382038BAE900293353 /* ConBolaColor.swift */,
				0949553E2038BF3A00293353 /* DeBolaMaterial.swift */,
				09119A37206BECE000602FB8 /* ValoresEmpujar.swift */,
				09119A33206BEB7200602FB8 /* ValoresUnidadComportamientoDinamico.swift */,
			);
			path = Modelos;
			sourceTree = "<group>";
		};
		09B7A505200B6EE20095AE67 /* Vistas */ = {
			isa = PBXGroup;
			children = (
				098C25751F9A1D2200BC24DC /* Main.storyboard */,
				098C25781F9A1D2200BC24DC /* Assets.xcassets */,
				098C257A1F9A1D2200BC24DC /* LaunchScreen.storyboard */,
				0910815820780AE5000E66D3 /* BolaCell.swift */,
				094955332038B52D00293353 /* BolaImageView.swift */,
				0910815620780841000E66D3 /* CircunferenciaView.swift */,
			);
			path = Vistas;
			sourceTree = "<group>";
		};
		09B7A506200B6EE90095AE67 /* Controladores */ = {
			isa = PBXGroup;
			children = (
				098C25711F9A1D2200BC24DC /* AppDelegate.swift */,
				09B7A50B200B70B50095AE67 /* Inicio */,
				09B7A50A200B70AE0095AE67 /* Juego */,
				09B7A509200B709F0095AE67 /* Listado */,
			);
			path = Controladores;
			sourceTree = "<group>";
		};
		09B7A507200B6EF20095AE67 /* Extensiones */ = {
			isa = PBXGroup;
			children = (
				09AD923320568F40004D023B /* CGFloat+Cholor.swift */,
				093F7369203235D8007A2B1A /* Notification+Cholor.swift */,
				09119A3D206BF08F00602FB8 /* Material+Cholor.swift */,
				09B7A501200B6D790095AE67 /* UIColor+Cholor.swift */,
				09A3BA71205D6D6A00713C87 /* UILabel+Cholor.swift */,
				09AD92312055DC39004D023B /* UInt32+Cholor.swift */,
				096CB38D2028B8000027D4F5 /* UserDefaults+Cholor.swift */,
			);
			path = Extensiones;
			sourceTree = "<group>";
		};
		09B7A508200B6F730095AE67 /* Audios */ = {
			isa = PBXGroup;
			children = (
				0907DB461FE0BE6E00A62F2D /* Cholor.m4a */,
				094469242012733E0070C1D7 /* Bola-Golpeando-Pared.m4a */,
				094469212012733E0070C1D7 /* Bola-Negra.m4a */,
				094469222012733E0070C1D7 /* Boton-Jugar.m4a */,
				094469202012733E0070C1D7 /* Choque-Bolas.m4a */,
				094469252012733F0070C1D7 /* Fin-Partida.m4a */,
				094469232012733E0070C1D7 /* Nuevo-Nivel.m4a */,
			);
			path = Audios;
			sourceTree = "<group>";
		};
		09B7A509200B709F0095AE67 /* Listado */ = {
			isa = PBXGroup;
			children = (
				09AC821E1FE534800013C2ED /* ListadoViewController.swift */,
				0910815A20781363000E66D3 /* ListadoViewController+Inicializadores.swift */,
				09B7A514200B71D00095AE67 /* ListadoViewController+Acciones.swift */,
				0910815C2078147B000E66D3 /* ListadoViewController+TableView.swift */,
			);
			path = Listado;
			sourceTree = "<group>";
		};
		09B7A50A200B70AE0095AE67 /* Juego */ = {
			isa = PBXGroup;
			children = (
				099CFADA1FE2EC7A008BB9A1 /* JuegoViewController.swift */,
				096CB3922028C5C10027D4F5 /* JuegoViewController+Inicializadores.swift */,
				096CB3942028C7390027D4F5 /* JuegoViewController+Configuradores.swift */,
				09B7A510200B719C0095AE67 /* JuegoViewController+Navegacion.swift */,
				09B7A512200B71B70095AE67 /* JuegoViewController+Acciones.swift */,
				093F736B20323738007A2B1A /* JuegoViewController+Notificaciones.swift */,
				09E3050F2042BDEE00029257 /* JuegoViewController+Animaciones.swift */,
				09C87DDD204894580041296F /* JuevoViewController+Gestos.swift */,
				09119A3B206BF00400602FB8 /* JuegoViewController+Layers.swift */,
				09119A3F206BF1CB00602FB8 /* JuegoViewController+CollisionDelegate.swift */,
				09A3BA73205D7EC100713C87 /* JuegoViewController+Removedores.swift */,
				094E7BD9207A938200B765C2 /* JuegoViewController+ListadoDelegado.swift */,
				09A3BA6F205D6B1400713C87 /* JuegoViewController+SimularMarcador.swift */,
			);
			path = Juego;
			sourceTree = "<group>";
		};
		09B7A50B200B70B50095AE67 /* Inicio */ = {
			isa = PBXGroup;
			children = (
				098C25731F9A1D2200BC24DC /* InicioViewController.swift */,
				09B7A50C200B71460095AE67 /* InicioViewController+Inicializadores.swift */,
				09B7A50E200B71700095AE67 /* InicioViewControllers+Navegacion.swift */,
			);
			path = Inicio;
			sourceTree = "<group>";
		};
		B0310F235530219391576FDC /* Pods */ = {
			isa = PBXGroup;
			children = (
				BA0C094F3A3C14B31F2D6ABD /* Pods-Cholor.debug.xcconfig */,
				6487369808D803ACBED264F7 /* Pods-Cholor.release.xcconfig */,
			);
			name = Pods;
			sourceTree = "<group>";
		};
		C9A32F806573EF4A40346014 /* Frameworks */ = {
			isa = PBXGroup;
			children = (
				FE7C9EBF603335E9F3EA6D96 /* Pods_Cholor.framework */,
			);
			name = Frameworks;
			sourceTree = "<group>";
		};
/* End PBXGroup section */

/* Begin PBXNativeTarget section */
		098C256D1F9A1D2100BC24DC /* Cholor */ = {
			isa = PBXNativeTarget;
			buildConfigurationList = 098C25801F9A1D2200BC24DC /* Build configuration list for PBXNativeTarget "Cholor" */;
			buildPhases = (
				3DB4BBD7ED31330C6FE86161 /* [CP] Check Pods Manifest.lock */,
				098C256A1F9A1D2100BC24DC /* Sources */,
				098C256B1F9A1D2100BC24DC /* Frameworks */,
				098C256C1F9A1D2100BC24DC /* Resources */,
				093F736D20323A3A007A2B1A /* TODO FIXME Resaltados como una alerta */,
				ADCA13A3BF87B1073B9AB9DF /* [CP] Embed Pods Frameworks */,
			);
			buildRules = (
			);
			dependencies = (
			);
			name = Cholor;
			productName = Cholor;
			productReference = 098C256E1F9A1D2200BC24DC /* Cholor.app */;
			productType = "com.apple.product-type.application";
		};
/* End PBXNativeTarget section */

/* Begin PBXProject section */
		098C25661F9A1D2100BC24DC /* Project object */ = {
			isa = PBXProject;
			attributes = {
				LastSwiftUpdateCheck = 0900;
				LastUpgradeCheck = 0930;
				ORGANIZATIONNAME = "The eMotion Apps";
				TargetAttributes = {
					098C256D1F9A1D2100BC24DC = {
						CreatedOnToolsVersion = 9.0.1;
						ProvisioningStyle = Automatic;
					};
				};
			};
			buildConfigurationList = 098C25691F9A1D2100BC24DC /* Build configuration list for PBXProject "Cholor" */;
			compatibilityVersion = "Xcode 8.0";
			developmentRegion = en;
			hasScannedForEncodings = 0;
			knownRegions = (
				en,
				Base,
			);
			mainGroup = 098C25651F9A1D2100BC24DC;
			productRefGroup = 098C256F1F9A1D2200BC24DC /* Products */;
			projectDirPath = "";
			projectRoot = "";
			targets = (
				098C256D1F9A1D2100BC24DC /* Cholor */,
			);
		};
/* End PBXProject section */

/* Begin PBXResourcesBuildPhase section */
		098C256C1F9A1D2100BC24DC /* Resources */ = {
			isa = PBXResourcesBuildPhase;
			buildActionMask = 2147483647;
			files = (
				098C257C1F9A1D2200BC24DC /* LaunchScreen.storyboard in Resources */,
				094469292012733F0070C1D7 /* Nuevo-Nivel.m4a in Resources */,
				094469262012733F0070C1D7 /* Choque-Bolas.m4a in Resources */,
				098C25791F9A1D2200BC24DC /* Assets.xcassets in Resources */,
				0944692B2012733F0070C1D7 /* Fin-Partida.m4a in Resources */,
				0907DB471FE0BE6E00A62F2D /* Cholor.m4a in Resources */,
				0944692A2012733F0070C1D7 /* Bola-Golpeando-Pared.m4a in Resources */,
				094469272012733F0070C1D7 /* Bola-Negra.m4a in Resources */,
				09216BBF1FDF278B002B696B /* olivier_demo.ttf in Resources */,
				098C25771F9A1D2200BC24DC /* Main.storyboard in Resources */,
				094469282012733F0070C1D7 /* Boton-Jugar.m4a in Resources */,
			);
			runOnlyForDeploymentPostprocessing = 0;
		};
/* End PBXResourcesBuildPhase section */

/* Begin PBXShellScriptBuildPhase section */
		093F736D20323A3A007A2B1A /* TODO FIXME Resaltados como una alerta */ = {
			isa = PBXShellScriptBuildPhase;
			buildActionMask = 2147483647;
			files = (
			);
			inputPaths = (
			);
			name = "TODO FIXME Resaltados como una alerta";
			outputPaths = (
			);
			runOnlyForDeploymentPostprocessing = 0;
			shellPath = /bin/sh;
			shellScript = "TAGS=\"TODO:|FIXME:\"\necho \"buscando ${SRCROOT} para ${TAGS}\"\nfind \"${SRCROOT}/Cholor/\" \\( -name \"*.swift\" \\) -print0 \\\n| xargs -0 egrep --with-filename --line-number --only-matching \"($TAGS).*\\$\" \\\n| perl -p -e \"s/($TAGS)/ warning: \\$1/\"";
		};
		3DB4BBD7ED31330C6FE86161 /* [CP] Check Pods Manifest.lock */ = {
			isa = PBXShellScriptBuildPhase;
			buildActionMask = 2147483647;
			files = (
			);
			inputPaths = (
				"${PODS_PODFILE_DIR_PATH}/Podfile.lock",
				"${PODS_ROOT}/Manifest.lock",
			);
			name = "[CP] Check Pods Manifest.lock";
			outputPaths = (
				"$(DERIVED_FILE_DIR)/Pods-Cholor-checkManifestLockResult.txt",
			);
			runOnlyForDeploymentPostprocessing = 0;
			shellPath = /bin/sh;
			shellScript = "diff \"${PODS_PODFILE_DIR_PATH}/Podfile.lock\" \"${PODS_ROOT}/Manifest.lock\" > /dev/null\nif [ $? != 0 ] ; then\n    # print error to STDERR\n    echo \"error: The sandbox is not in sync with the Podfile.lock. Run 'pod install' or update your CocoaPods installation.\" >&2\n    exit 1\nfi\n# This output is used by Xcode 'outputs' to avoid re-running this script phase.\necho \"SUCCESS\" > \"${SCRIPT_OUTPUT_FILE_0}\"\n";
			showEnvVarsInLog = 0;
		};
		ADCA13A3BF87B1073B9AB9DF /* [CP] Embed Pods Frameworks */ = {
			isa = PBXShellScriptBuildPhase;
			buildActionMask = 2147483647;
			files = (
			);
			inputPaths = (
				"${SRCROOT}/Pods/Target Support Files/Pods-Cholor/Pods-Cholor-frameworks.sh",
				"${BUILT_PRODUCTS_DIR}/Hero/Hero.framework",
				"${BUILT_PRODUCTS_DIR}/Spring/Spring.framework",
			);
			name = "[CP] Embed Pods Frameworks";
			outputPaths = (
				"${TARGET_BUILD_DIR}/${FRAMEWORKS_FOLDER_PATH}/Hero.framework",
				"${TARGET_BUILD_DIR}/${FRAMEWORKS_FOLDER_PATH}/Spring.framework",
			);
			runOnlyForDeploymentPostprocessing = 0;
			shellPath = /bin/sh;
			shellScript = "\"${SRCROOT}/Pods/Target Support Files/Pods-Cholor/Pods-Cholor-frameworks.sh\"\n";
			showEnvVarsInLog = 0;
		};
/* End PBXShellScriptBuildPhase section */

/* Begin PBXSourcesBuildPhase section */
		098C256A1F9A1D2100BC24DC /* Sources */ = {
			isa = PBXSourcesBuildPhase;
			buildActionMask = 2147483647;
			files = (
				096CB38E2028B8000027D4F5 /* UserDefaults+Cholor.swift in Sources */,
				094955412038C08D00293353 /* Bolable.swift in Sources */,
				09119A3E206BF08F00602FB8 /* Material+Cholor.swift in Sources */,
				0910815B20781363000E66D3 /* ListadoViewController+Inicializadores.swift in Sources */,
				09B7A50F200B71700095AE67 /* InicioViewControllers+Navegacion.swift in Sources */,
				09119A38206BECE000602FB8 /* ValoresEmpujar.swift in Sources */,
				09E305102042BDEE00029257 /* JuegoViewController+Animaciones.swift in Sources */,
				098C25741F9A1D2200BC24DC /* InicioViewController.swift in Sources */,
				09B7A515200B71D00095AE67 /* ListadoViewController+Acciones.swift in Sources */,
				09119A34206BEB7200602FB8 /* ValoresUnidadComportamientoDinamico.swift in Sources */,
				09119A32206BEA6600602FB8 /* Unidable.swift in Sources */,
				094955342038B52D00293353 /* BolaImageView.swift in Sources */,
				0949553B2038BC0700293353 /* Constantes.swift in Sources */,
				09119A3A206BED7400602FB8 /* Igualable.swift in Sources */,
				09C87DDE204894580041296F /* JuevoViewController+Gestos.swift in Sources */,
				09119A36206BEC2F00602FB8 /* Empujable.swift in Sources */,
				096CB3912028B97D0027D4F5 /* Material.swift in Sources */,
				093F736C20323738007A2B1A /* JuegoViewController+Notificaciones.swift in Sources */,
				09119A40206BF1CB00602FB8 /* JuegoViewController+CollisionDelegate.swift in Sources */,
				09A3BA72205D6D6A00713C87 /* UILabel+Cholor.swift in Sources */,
				096CB3932028C5C10027D4F5 /* JuegoViewController+Inicializadores.swift in Sources */,
				094955372038B9AB00293353 /* Colorable.swift in Sources */,
				09B7A513200B71B70095AE67 /* JuegoViewController+Acciones.swift in Sources */,
				09A3BA74205D7EC100713C87 /* JuegoViewController+Removedores.swift in Sources */,
				09AC821F1FE534800013C2ED /* ListadoViewController.swift in Sources */,
				094E7BDA207A938200B765C2 /* JuegoViewController+ListadoDelegado.swift in Sources */,
				0949553F2038BF3A00293353 /* DeBolaMaterial.swift in Sources */,
				09A3BA70205D6B1400713C87 /* JuegoViewController+SimularMarcador.swift in Sources */,
				096CB3952028C7390027D4F5 /* JuegoViewController+Configuradores.swift in Sources */,
				09B7A50D200B71460095AE67 /* InicioViewController+Inicializadores.swift in Sources */,
				098C25721F9A1D2200BC24DC /* AppDelegate.swift in Sources */,
				0910815720780841000E66D3 /* CircunferenciaView.swift in Sources */,
				094955392038BAE900293353 /* ConBolaColor.swift in Sources */,
				094955432038C1E300293353 /* Bola.swift in Sources */,
				0910815D2078147B000E66D3 /* ListadoViewController+TableView.swift in Sources */,
				09AD923420568F40004D023B /* CGFloat+Cholor.swift in Sources */,
				09119A3C206BF00400602FB8 /* JuegoViewController+Layers.swift in Sources */,
				09AD92322055DC39004D023B /* UInt32+Cholor.swift in Sources */,
				099CFADB1FE2EC7A008BB9A1 /* JuegoViewController.swift in Sources */,
				0949553D2038BDCA00293353 /* Materiable.swift in Sources */,
				094955322038B43C00293353 /* ColorBola.swift in Sources */,
				09B7A511200B719C0095AE67 /* JuegoViewController+Navegacion.swift in Sources */,
				093F736A203235D8007A2B1A /* Notification+Cholor.swift in Sources */,
				09B7A502200B6D790095AE67 /* UIColor+Cholor.swift in Sources */,
				0910815920780AE5000E66D3 /* BolaCell.swift in Sources */,
			);
			runOnlyForDeploymentPostprocessing = 0;
		};
/* End PBXSourcesBuildPhase section */

/* Begin PBXVariantGroup section */
		098C25751F9A1D2200BC24DC /* Main.storyboard */ = {
			isa = PBXVariantGroup;
			children = (
				098C25761F9A1D2200BC24DC /* Base */,
			);
			name = Main.storyboard;
			sourceTree = "<group>";
		};
		098C257A1F9A1D2200BC24DC /* LaunchScreen.storyboard */ = {
			isa = PBXVariantGroup;
			children = (
				098C257B1F9A1D2200BC24DC /* Base */,
			);
			name = LaunchScreen.storyboard;
			sourceTree = "<group>";
		};
/* End PBXVariantGroup section */

/* Begin XCBuildConfiguration section */
		098C257E1F9A1D2200BC24DC /* Debug */ = {
			isa = XCBuildConfiguration;
			buildSettings = {
				ALWAYS_SEARCH_USER_PATHS = NO;
				CLANG_ANALYZER_NONNULL = YES;
				CLANG_ANALYZER_NUMBER_OBJECT_CONVERSION = YES_AGGRESSIVE;
				CLANG_CXX_LANGUAGE_STANDARD = "gnu++14";
				CLANG_CXX_LIBRARY = "libc++";
				CLANG_ENABLE_MODULES = YES;
				CLANG_ENABLE_OBJC_ARC = YES;
				CLANG_WARN_BLOCK_CAPTURE_AUTORELEASING = YES;
				CLANG_WARN_BOOL_CONVERSION = YES;
				CLANG_WARN_COMMA = YES;
				CLANG_WARN_CONSTANT_CONVERSION = YES;
				CLANG_WARN_DEPRECATED_OBJC_IMPLEMENTATIONS = YES;
				CLANG_WARN_DIRECT_OBJC_ISA_USAGE = YES_ERROR;
				CLANG_WARN_DOCUMENTATION_COMMENTS = YES;
				CLANG_WARN_EMPTY_BODY = YES;
				CLANG_WARN_ENUM_CONVERSION = YES;
				CLANG_WARN_INFINITE_RECURSION = YES;
				CLANG_WARN_INT_CONVERSION = YES;
				CLANG_WARN_NON_LITERAL_NULL_CONVERSION = YES;
				CLANG_WARN_OBJC_IMPLICIT_RETAIN_SELF = YES;
				CLANG_WARN_OBJC_LITERAL_CONVERSION = YES;
				CLANG_WARN_OBJC_ROOT_CLASS = YES_ERROR;
				CLANG_WARN_RANGE_LOOP_ANALYSIS = YES;
				CLANG_WARN_STRICT_PROTOTYPES = YES;
				CLANG_WARN_SUSPICIOUS_MOVE = YES;
				CLANG_WARN_UNGUARDED_AVAILABILITY = YES_AGGRESSIVE;
				CLANG_WARN_UNREACHABLE_CODE = YES;
				CLANG_WARN__DUPLICATE_METHOD_MATCH = YES;
				CODE_SIGN_IDENTITY = "iPhone Developer";
				COPY_PHASE_STRIP = NO;
				DEBUG_INFORMATION_FORMAT = dwarf;
				ENABLE_STRICT_OBJC_MSGSEND = YES;
				ENABLE_TESTABILITY = YES;
				GCC_C_LANGUAGE_STANDARD = gnu11;
				GCC_DYNAMIC_NO_PIC = NO;
				GCC_NO_COMMON_BLOCKS = YES;
				GCC_OPTIMIZATION_LEVEL = 0;
				GCC_PREPROCESSOR_DEFINITIONS = (
					"DEBUG=1",
					"$(inherited)",
				);
				GCC_WARN_64_TO_32_BIT_CONVERSION = YES;
				GCC_WARN_ABOUT_RETURN_TYPE = YES_ERROR;
				GCC_WARN_UNDECLARED_SELECTOR = YES;
				GCC_WARN_UNINITIALIZED_AUTOS = YES_AGGRESSIVE;
				GCC_WARN_UNUSED_FUNCTION = YES;
				GCC_WARN_UNUSED_VARIABLE = YES;
				IPHONEOS_DEPLOYMENT_TARGET = 11.0;
				MTL_ENABLE_DEBUG_INFO = YES;
				ONLY_ACTIVE_ARCH = YES;
				SDKROOT = iphoneos;
				SWIFT_ACTIVE_COMPILATION_CONDITIONS = DEBUG;
				SWIFT_OPTIMIZATION_LEVEL = "-Onone";
			};
			name = Debug;
		};
		098C257F1F9A1D2200BC24DC /* Release */ = {
			isa = XCBuildConfiguration;
			buildSettings = {
				ALWAYS_SEARCH_USER_PATHS = NO;
				CLANG_ANALYZER_NONNULL = YES;
				CLANG_ANALYZER_NUMBER_OBJECT_CONVERSION = YES_AGGRESSIVE;
				CLANG_CXX_LANGUAGE_STANDARD = "gnu++14";
				CLANG_CXX_LIBRARY = "libc++";
				CLANG_ENABLE_MODULES = YES;
				CLANG_ENABLE_OBJC_ARC = YES;
				CLANG_WARN_BLOCK_CAPTURE_AUTORELEASING = YES;
				CLANG_WARN_BOOL_CONVERSION = YES;
				CLANG_WARN_COMMA = YES;
				CLANG_WARN_CONSTANT_CONVERSION = YES;
				CLANG_WARN_DEPRECATED_OBJC_IMPLEMENTATIONS = YES;
				CLANG_WARN_DIRECT_OBJC_ISA_USAGE = YES_ERROR;
				CLANG_WARN_DOCUMENTATION_COMMENTS = YES;
				CLANG_WARN_EMPTY_BODY = YES;
				CLANG_WARN_ENUM_CONVERSION = YES;
				CLANG_WARN_INFINITE_RECURSION = YES;
				CLANG_WARN_INT_CONVERSION = YES;
				CLANG_WARN_NON_LITERAL_NULL_CONVERSION = YES;
				CLANG_WARN_OBJC_IMPLICIT_RETAIN_SELF = YES;
				CLANG_WARN_OBJC_LITERAL_CONVERSION = YES;
				CLANG_WARN_OBJC_ROOT_CLASS = YES_ERROR;
				CLANG_WARN_RANGE_LOOP_ANALYSIS = YES;
				CLANG_WARN_STRICT_PROTOTYPES = YES;
				CLANG_WARN_SUSPICIOUS_MOVE = YES;
				CLANG_WARN_UNGUARDED_AVAILABILITY = YES_AGGRESSIVE;
				CLANG_WARN_UNREACHABLE_CODE = YES;
				CLANG_WARN__DUPLICATE_METHOD_MATCH = YES;
				CODE_SIGN_IDENTITY = "iPhone Developer";
				COPY_PHASE_STRIP = NO;
				DEBUG_INFORMATION_FORMAT = "dwarf-with-dsym";
				ENABLE_NS_ASSERTIONS = NO;
				ENABLE_STRICT_OBJC_MSGSEND = YES;
				GCC_C_LANGUAGE_STANDARD = gnu11;
				GCC_NO_COMMON_BLOCKS = YES;
				GCC_WARN_64_TO_32_BIT_CONVERSION = YES;
				GCC_WARN_ABOUT_RETURN_TYPE = YES_ERROR;
				GCC_WARN_UNDECLARED_SELECTOR = YES;
				GCC_WARN_UNINITIALIZED_AUTOS = YES_AGGRESSIVE;
				GCC_WARN_UNUSED_FUNCTION = YES;
				GCC_WARN_UNUSED_VARIABLE = YES;
				IPHONEOS_DEPLOYMENT_TARGET = 11.0;
				MTL_ENABLE_DEBUG_INFO = NO;
				SDKROOT = iphoneos;
				SWIFT_OPTIMIZATION_LEVEL = "-Owholemodule";
				VALIDATE_PRODUCT = YES;
			};
			name = Release;
		};
		098C25811F9A1D2200BC24DC /* Debug */ = {
			isa = XCBuildConfiguration;
			baseConfigurationReference = BA0C094F3A3C14B31F2D6ABD /* Pods-Cholor.debug.xcconfig */;
			buildSettings = {
				ASSETCATALOG_COMPILER_APPICON_NAME = AppIcon;
				CODE_SIGN_STYLE = Automatic;
				DEVELOPMENT_TEAM = B8N4A4AZMX;
				INFOPLIST_FILE = "$(SRCROOT)/Cholor/Recursos/Info.plist";
				LD_RUNPATH_SEARCH_PATHS = "$(inherited) @executable_path/Frameworks";
				PRODUCT_BUNDLE_IDENTIFIER = com.theemotionapps.CholorApp;
				PRODUCT_NAME = "$(TARGET_NAME)";
				SWIFT_VERSION = 4.0;
				TARGETED_DEVICE_FAMILY = "1,2";
			};
			name = Debug;
		};
		098C25821F9A1D2200BC24DC /* Release */ = {
			isa = XCBuildConfiguration;
			baseConfigurationReference = 6487369808D803ACBED264F7 /* Pods-Cholor.release.xcconfig */;
			buildSettings = {
				ASSETCATALOG_COMPILER_APPICON_NAME = AppIcon;
				CODE_SIGN_STYLE = Automatic;
				DEVELOPMENT_TEAM = B8N4A4AZMX;
				INFOPLIST_FILE = "$(SRCROOT)/Cholor/Recursos/Info.plist";
				LD_RUNPATH_SEARCH_PATHS = "$(inherited) @executable_path/Frameworks";
				PRODUCT_BUNDLE_IDENTIFIER = com.theemotionapps.CholorApp;
				PRODUCT_NAME = "$(TARGET_NAME)";
				SWIFT_VERSION = 4.0;
				TARGETED_DEVICE_FAMILY = "1,2";
			};
			name = Release;
		};
/* End XCBuildConfiguration section */

/* Begin XCConfigurationList section */
		098C25691F9A1D2100BC24DC /* Build configuration list for PBXProject "Cholor" */ = {
			isa = XCConfigurationList;
			buildConfigurations = (
				098C257E1F9A1D2200BC24DC /* Debug */,
				098C257F1F9A1D2200BC24DC /* Release */,
			);
			defaultConfigurationIsVisible = 0;
			defaultConfigurationName = Release;
		};
		098C25801F9A1D2200BC24DC /* Build configuration list for PBXNativeTarget "Cholor" */ = {
			isa = XCConfigurationList;
			buildConfigurations = (
				098C25811F9A1D2200BC24DC /* Debug */,
				098C25821F9A1D2200BC24DC /* Release */,
			);
			defaultConfigurationIsVisible = 0;
			defaultConfigurationName = Release;
		};
/* End XCConfigurationList section */
	};
	rootObject = 098C25661F9A1D2100BC24DC /* Project object */;
}
